
Microsoft Visual Studio Solution File, Format Version 12.00
# Visual Studio Version 16
VisualStudioVersion = 16.0.32228.343
MinimumVisualStudioVersion = 10.0.40219.1
Project("{FAE04EC0-301F-11D3-BF4B-00C04F79EFBC}") = "Lesson_4", "Lesson_4\Lesson_4.csproj", "{4A27750D-044B-49A2-9313-7F3DBAB89C43}"
EndProject
Global
	GlobalSection(SolutionConfigurationPlatforms) = preSolution
		Debug|Any CPU = Debug|Any CPU
		Release|Any CPU = Release|Any CPU
	EndGlobalSection
	GlobalSection(ProjectConfigurationPlatforms) = postSolution
		{4A27750D-044B-49A2-9313-7F3DBAB89C43}.Debug|Any CPU.ActiveCfg = Debug|Any CPU
		{4A27750D-044B-49A2-9313-7F3DBAB89C43}.Debug|Any CPU.Build.0 = Debug|Any CPU
		{4A27750D-044B-49A2-9313-7F3DBAB89C43}.Release|Any CPU.ActiveCfg = Release|Any CPU
		{4A27750D-044B-49A2-9313-7F3DBAB89C43}.Release|Any CPU.Build.0 = Release|Any CPU
	EndGlobalSection
	GlobalSection(SolutionProperties) = preSolution
		HideSolutionNode = FALSE
	EndGlobalSection
	GlobalSection(ExtensibilityGlobals) = postSolution
		SolutionGuid = {61EE81F3-5BFD-47A4-BE02-A42F340C0DCE}
	EndGlobalSection
EndGlobal
